# THIS IS AN AUTOGENERATED FILE. DO NOT EDIT THIS FILE DIRECTLY.
# yarn lockfile v1


"js-tokens@^3.0.0 || ^4.0.0":
  version "4.0.0"
  resolved "https://registry.npmmirror.com/js-tokens/-/js-tokens-4.0.0.tgz#19203fb59991df98e3a287050d4647cdeaf32499"
  integrity sha512-RdJUflcE3cUzKiMqQgsCu06FPu9UdIJO0beYbPhHN4k6apgJtifcoCtT9bcxOpYBtpD2kCM6Sbzg4CausW/PKQ==

loose-envify@^1.1.0:
  version "1.4.0"
  resolved "https://registry.npmmirror.com/loose-envify/-/loose-envify-1.4.0.tgz#71ee51fa7be4caec1a63839f7e682d8132d30caf"
  integrity sha512-lyuxPGr/Wfhrlem2CL/UcnUc1zcqKAImBDzukY7Y5F/yQiNdko6+fRLevlw1HgMySw7f611UIY408EtxRSoK3Q==
  dependencies:
    js-tokens "^3.0.0 || ^4.0.0"

object-assign@^4.1.1:
  version "4.1.1"
  resolved "https://registry.npmmirror.com/object-assign/-/object-assign-4.1.1.tgz#2109adc7965887cfc05cbbd442cac8bfbb360863"
  integrity sha512-rJgTQnkUnH1sFw8yT6VSU3zD3sWmu6sZhIseY8VX+GRu3P6F7Fu+JNDoXfklElbLJSnc3FUQHVe4cU5hj+BcUg==

react-dom@18.0.0-rc.0-next-64223fed8-20220210:
  version "18.0.0-rc.0-next-64223fed8-20220210"
  resolved "https://registry.npmmirror.com/react-dom/-/react-dom-18.0.0-rc.0-next-64223fed8-20220210.tgz#0b65ebb6d27f4220b662e6db82479c2171725cbf"
  integrity sha512-HDYB2dI9+YNJ/9/2d+6G1Hq2I4fWoa58t4mnkb0I9MIbsX2uLv03RTS9hDX5MbPoC3k2C0L07BitepyCGyEkHg==
  dependencies:
    loose-envify "^1.1.0"
    object-assign "^4.1.1"
    scheduler "0.21.0-rc.0-next-64223fed8-20220210"

react@18.0.0-rc.0-next-64223fed8-20220210:
  version "18.0.0-rc.0-next-64223fed8-20220210"
  resolved "https://registry.npmmirror.com/react/-/react-18.0.0-rc.0-next-64223fed8-20220210.tgz#033d6d0cdc324c63e10c1d495710abb31e545e58"
  integrity sha512-rjAYp2mmKNPirnLEKEw7pi6S7KdgxUQ+MWP1TPRqScoj03dmd5+lL13ZmJWsd0gT1dhYQ6r/uc2zPFT3pSk+Sg==
  dependencies:
    loose-envify "^1.1.0"
    object-assign "^4.1.1"

scheduler@0.21.0-rc.0-next-64223fed8-20220210:
  version "0.21.0-rc.0-next-64223fed8-20220210"
  resolved "https://registry.npmmirror.com/scheduler/-/scheduler-0.21.0-rc.0-next-64223fed8-20220210.tgz#bc404e2c29dc44eb306286a5ae55f117711f6e2a"
  integrity sha512-Bx65HDNZM9a2OPUmGYc94JjyRMTPg1vpvovjHAEW6ePxF63itzdexMGlLYgIv14NfIajai3daX5LbJ0aQwhwwg==
  dependencies:
    loose-envify "^1.1.0"
    object-assign "^4.1.1"
